dependencies:
- name: cluster-autoscaler
  repository: https://kubernetes.github.io/autoscaler
  version: 9.55.1
- name: aws-load-balancer-controller
  repository: https://aws.github.io/eks-charts
  version: 1.17.1
- name: external-dns
  repository: https://kubernetes-sigs.github.io/external-dns/
  version: 1.20.0
digest: sha256:5478360db2b55136ce8e5ac1e461f92d602ea47598f59904306e01220899b8f0
generated: "2026-02-23T16:21:18.987929+01:00"
